
Microsoft Visual Studio Solution File, Format Version 12.00
# Visual Studio Version 17
VisualStudioVersion = 17.7.34221.43
MinimumVisualStudioVersion = 10.0.40219.1
Project("{FAE04EC0-301F-11D3-BF4B-00C04F79EFBC}") = "ForceUTF8AndRemoveBomMark", "ForceUTF8AndRemoveBomMark.csproj", "{2EEF5F7D-1EFD-499D-B01C-F1551A7E1DFE}"
EndProject
Global
	GlobalSection(SolutionConfigurationPlatforms) = preSolution
		Debug|Any CPU = Debug|Any CPU
		Release|Any CPU = Release|Any CPU
	EndGlobalSection
	GlobalSection(ProjectConfigurationPlatforms) = postSolution
		{2EEF5F7D-1EFD-499D-B01C-F1551A7E1DFE}.Debug|Any CPU.ActiveCfg = Debug|Any CPU
		{2EEF5F7D-1EFD-499D-B01C-F1551A7E1DFE}.Debug|Any CPU.Build.0 = Debug|Any CPU
		{2EEF5F7D-1EFD-499D-B01C-F1551A7E1DFE}.Release|Any CPU.ActiveCfg = Release|Any CPU
		{2EEF5F7D-1EFD-499D-B01C-F1551A7E1DFE}.Release|Any CPU.Build.0 = Release|Any CPU
	EndGlobalSection
	GlobalSection(SolutionProperties) = preSolution
		HideSolutionNode = FALSE
	EndGlobalSection
	GlobalSection(ExtensibilityGlobals) = postSolution
		SolutionGuid = {906CBD3D-54C7-4048-8574-C835DEDCBF97}
	EndGlobalSection
EndGlobal
